
Microsoft Visual Studio Solution File, Format Version 12.00
# Visual Studio Version 17
VisualStudioVersion = 17.4.33205.214
MinimumVisualStudioVersion = 10.0.40219.1
Project("{9A19103F-16F7-4668-BE54-9A1E7A4F7556}") = "ASP.NETCOREMVCIntro", "ASP.NETCOREMVCIntro\ASP.NETCOREMVCIntro.csproj", "{628B343E-0454-4409-BA3B-A4C7AC5C6753}"
EndProject
Project("{9A19103F-16F7-4668-BE54-9A1E7A4F7556}") = "ASP.NETCOREMVCKitap", "ASP.NETCOREMVCKitap\ASP.NETCOREMVCKitap.csproj", "{45A74AC3-F118-4ED2-8740-8FBEC5A0BEFC}"
EndProject
Project("{9A19103F-16F7-4668-BE54-9A1E7A4F7556}") = "ASPNETCOREMVCEFCoreUrun", "ASPNETCOREMVCEFCoreUrun\ASPNETCOREMVCEFCoreUrun.csproj", "{452FA092-FE9B-465D-BEE0-95F2231FF96E}"
EndProject
Project("{9A19103F-16F7-4668-BE54-9A1E7A4F7556}") = "ASPNETCOREMVCStateManagement", "ASPNETCOREMVCStateManagement\ASPNETCOREMVCStateManagement.csproj", "{0DD8D9C3-4687-4D88-B0F2-0CA060C14283}"
EndProject
Project("{9A19103F-16F7-4668-BE54-9A1E7A4F7556}") = "ASPNETCOREMVCArea", "ASPNETCOREMVCArea\ASPNETCOREMVCArea.csproj", "{364A3574-171D-4AAA-9895-F9791C2BA7D9}"
EndProject
Project("{9A19103F-16F7-4668-BE54-9A1E7A4F7556}") = "ASPNETCOREMVCIdentity", "ASPNETCOREMVCIdentity\ASPNETCOREMVCIdentity.csproj", "{6BE858E2-E311-4B22-AC8C-ECD210C194E3}"
EndProject
Project("{9A19103F-16F7-4668-BE54-9A1E7A4F7556}") = "ASPNETCOREMVCIdentity2", "ASPNETCOREMVCIdentity2\ASPNETCOREMVCIdentity2.csproj", "{13AB9D29-E449-45D8-9A86-51590BA5C11F}"
EndProject
Project("{9A19103F-16F7-4668-BE54-9A1E7A4F7556}") = "ASPNETCOREMVCIdentityFilm", "ASPNETCOREMVCIdentityFilm\ASPNETCOREMVCIdentityFilm.csproj", "{92B11049-B2E3-48DC-ABC7-3943F12AA3E0}"
EndProject
Project("{9A19103F-16F7-4668-BE54-9A1E7A4F7556}") = "ASPNETCOREMVCOnionArchitectureIntro", "ASPNETCOREMVCOnionArchitectureIntro\ASPNETCOREMVCOnionArchitectureIntro.csproj", "{AA954ACB-768A-41E9-A5A6-31BB09954BA3}"
EndProject
Project("{9A19103F-16F7-4668-BE54-9A1E7A4F7556}") = "ASPNETCOREMVCAsynchronousProgramming", "ASPNETCOREMVCAsynchronousProgramming\ASPNETCOREMVCAsynchronousProgramming.csproj", "{BAF95208-93B8-4717-BCA7-8637AF04AF0A}"
EndProject
Project("{FAE04EC0-301F-11D3-BF4B-00C04F79EFBC}") = "ASPNETCOREMVCFuncExpression", "ASPNETCOREMVCFuncExpression\ASPNETCOREMVCFuncExpression.csproj", "{AE64F17D-81AF-4E6D-8D34-BA3060E324C9}"
EndProject
Global
	GlobalSection(SolutionConfigurationPlatforms) = preSolution
		Debug|Any CPU = Debug|Any CPU
		Release|Any CPU = Release|Any CPU
	EndGlobalSection
	GlobalSection(ProjectConfigurationPlatforms) = postSolution
		{628B343E-0454-4409-BA3B-A4C7AC5C6753}.Debug|Any CPU.ActiveCfg = Debug|Any CPU
		{628B343E-0454-4409-BA3B-A4C7AC5C6753}.Debug|Any CPU.Build.0 = Debug|Any CPU
		{628B343E-0454-4409-BA3B-A4C7AC5C6753}.Release|Any CPU.ActiveCfg = Release|Any CPU
		{628B343E-0454-4409-BA3B-A4C7AC5C6753}.Release|Any CPU.Build.0 = Release|Any CPU
		{45A74AC3-F118-4ED2-8740-8FBEC5A0BEFC}.Debug|Any CPU.ActiveCfg = Debug|Any CPU
		{45A74AC3-F118-4ED2-8740-8FBEC5A0BEFC}.Debug|Any CPU.Build.0 = Debug|Any CPU
		{45A74AC3-F118-4ED2-8740-8FBEC5A0BEFC}.Release|Any CPU.ActiveCfg = Release|Any CPU
		{45A74AC3-F118-4ED2-8740-8FBEC5A0BEFC}.Release|Any CPU.Build.0 = Release|Any CPU
		{452FA092-FE9B-465D-BEE0-95F2231FF96E}.Debug|Any CPU.ActiveCfg = Debug|Any CPU
		{452FA092-FE9B-465D-BEE0-95F2231FF96E}.Debug|Any CPU.Build.0 = Debug|Any CPU
		{452FA092-FE9B-465D-BEE0-95F2231FF96E}.Release|Any CPU.ActiveCfg = Release|Any CPU
		{452FA092-FE9B-465D-BEE0-95F2231FF96E}.Release|Any CPU.Build.0 = Release|Any CPU
		{0DD8D9C3-4687-4D88-B0F2-0CA060C14283}.Debug|Any CPU.ActiveCfg = Debug|Any CPU
		{0DD8D9C3-4687-4D88-B0F2-0CA060C14283}.Debug|Any CPU.Build.0 = Debug|Any CPU
		{0DD8D9C3-4687-4D88-B0F2-0CA060C14283}.Release|Any CPU.ActiveCfg = Release|Any CPU
		{0DD8D9C3-4687-4D88-B0F2-0CA060C14283}.Release|Any CPU.Build.0 = Release|Any CPU
		{364A3574-171D-4AAA-9895-F9791C2BA7D9}.Debug|Any CPU.ActiveCfg = Debug|Any CPU
		{364A3574-171D-4AAA-9895-F9791C2BA7D9}.Debug|Any CPU.Build.0 = Debug|Any CPU
		{364A3574-171D-4AAA-9895-F9791C2BA7D9}.Release|Any CPU.ActiveCfg = Release|Any CPU
		{364A3574-171D-4AAA-9895-F9791C2BA7D9}.Release|Any CPU.Build.0 = Release|Any CPU
		{6BE858E2-E311-4B22-AC8C-ECD210C194E3}.Debug|Any CPU.ActiveCfg = Debug|Any CPU
		{6BE858E2-E311-4B22-AC8C-ECD210C194E3}.Debug|Any CPU.Build.0 = Debug|Any CPU
		{6BE858E2-E311-4B22-AC8C-ECD210C194E3}.Release|Any CPU.ActiveCfg = Release|Any CPU
		{6BE858E2-E311-4B22-AC8C-ECD210C194E3}.Release|Any CPU.Build.0 = Release|Any CPU
		{13AB9D29-E449-45D8-9A86-51590BA5C11F}.Debug|Any CPU.ActiveCfg = Debug|Any CPU
		{13AB9D29-E449-45D8-9A86-51590BA5C11F}.Debug|Any CPU.Build.0 = Debug|Any CPU
		{13AB9D29-E449-45D8-9A86-51590BA5C11F}.Release|Any CPU.ActiveCfg = Release|Any CPU
		{13AB9D29-E449-45D8-9A86-51590BA5C11F}.Release|Any CPU.Build.0 = Release|Any CPU
		{92B11049-B2E3-48DC-ABC7-3943F12AA3E0}.Debug|Any CPU.ActiveCfg = Debug|Any CPU
		{92B11049-B2E3-48DC-ABC7-3943F12AA3E0}.Debug|Any CPU.Build.0 = Debug|Any CPU
		{92B11049-B2E3-48DC-ABC7-3943F12AA3E0}.Release|Any CPU.ActiveCfg = Release|Any CPU
		{92B11049-B2E3-48DC-ABC7-3943F12AA3E0}.Release|Any CPU.Build.0 = Release|Any CPU
		{AA954ACB-768A-41E9-A5A6-31BB09954BA3}.Debug|Any CPU.ActiveCfg = Debug|Any CPU
		{AA954ACB-768A-41E9-A5A6-31BB09954BA3}.Debug|Any CPU.Build.0 = Debug|Any CPU
		{AA954ACB-768A-41E9-A5A6-31BB09954BA3}.Release|Any CPU.ActiveCfg = Release|Any CPU
		{AA954ACB-768A-41E9-A5A6-31BB09954BA3}.Release|Any CPU.Build.0 = Release|Any CPU
		{BAF95208-93B8-4717-BCA7-8637AF04AF0A}.Debug|Any CPU.ActiveCfg = Debug|Any CPU
		{BAF95208-93B8-4717-BCA7-8637AF04AF0A}.Debug|Any CPU.Build.0 = Debug|Any CPU
		{BAF95208-93B8-4717-BCA7-8637AF04AF0A}.Release|Any CPU.ActiveCfg = Release|Any CPU
		{BAF95208-93B8-4717-BCA7-8637AF04AF0A}.Release|Any CPU.Build.0 = Release|Any CPU
		{AE64F17D-81AF-4E6D-8D34-BA3060E324C9}.Debug|Any CPU.ActiveCfg = Debug|Any CPU
		{AE64F17D-81AF-4E6D-8D34-BA3060E324C9}.Debug|Any CPU.Build.0 = Debug|Any CPU
		{AE64F17D-81AF-4E6D-8D34-BA3060E324C9}.Release|Any CPU.ActiveCfg = Release|Any CPU
		{AE64F17D-81AF-4E6D-8D34-BA3060E324C9}.Release|Any CPU.Build.0 = Release|Any CPU
	EndGlobalSection
	GlobalSection(SolutionProperties) = preSolution
		HideSolutionNode = FALSE
	EndGlobalSection
	GlobalSection(ExtensibilityGlobals) = postSolution
		SolutionGuid = {8019A4B1-8D6E-40C0-BE7F-BF85D3F3FC7D}
	EndGlobalSection
EndGlobal
