
Microsoft Visual Studio Solution File, Format Version 12.00
# Visual Studio Version 17
VisualStudioVersion = 17.4.33205.214
MinimumVisualStudioVersion = 10.0.40219.1
Project("{9A19103F-16F7-4668-BE54-9A1E7A4F7556}") = "ASPNETCOREWebApiIntro", "ASPNETCOREWebApiIntro\ASPNETCOREWebApiIntro.csproj", "{DA2609C3-B90F-45C1-B929-B6D5099FA3E1}"
EndProject
Project("{9A19103F-16F7-4668-BE54-9A1E7A4F7556}") = "ASPNETCOREWebApiDbFirstUrunApi", "ASPNETCOREWebApiDbFirstUrunApi\ASPNETCOREWebApiDbFirstUrunApi.csproj", "{AF4D7DD9-7AAE-4140-A77E-184F1BBAFD2C}"
EndProject
Project("{9A19103F-16F7-4668-BE54-9A1E7A4F7556}") = "ASPNETCOREWebApiDbFirstUrunApiClient", "ASPNETCOREWebApiDbFirstUrunApiClient\ASPNETCOREWebApiDbFirstUrunApiClient.csproj", "{5D24D3A7-DF7F-4E0E-928E-BD0AEBDFC1B8}"
EndProject
Project("{9A19103F-16F7-4668-BE54-9A1E7A4F7556}") = "ASPNETCOREWebApiDbFirstUrunApiClient2", "ASPNETCOREWebApiDbFirstUrunApiClient2\ASPNETCOREWebApiDbFirstUrunApiClient2.csproj", "{0987B0F6-A614-4456-A828-890B01C8F2B4}"
EndProject
Project("{FAE04EC0-301F-11D3-BF4B-00C04F79EFBC}") = "ASPNETCOREWebApiDbFirstFilmApi", "ASPNETCOREWebApiDbFirstFilmApi\ASPNETCOREWebApiDbFirstFilmApi.csproj", "{B0F3000E-EDC3-4960-B069-151D27F377F9}"
EndProject
Project("{FAE04EC0-301F-11D3-BF4B-00C04F79EFBC}") = "ASPNETCOREWebApiDbFirstFilmApiClient", "ASPNETCOREWebApiDbFirstFilmApiClient\ASPNETCOREWebApiDbFirstFilmApiClient.csproj", "{20E7E78D-88F3-4DA8-8E86-603E0F458328}"
EndProject
Global
	GlobalSection(SolutionConfigurationPlatforms) = preSolution
		Debug|Any CPU = Debug|Any CPU
		Release|Any CPU = Release|Any CPU
	EndGlobalSection
	GlobalSection(ProjectConfigurationPlatforms) = postSolution
		{DA2609C3-B90F-45C1-B929-B6D5099FA3E1}.Debug|Any CPU.ActiveCfg = Debug|Any CPU
		{DA2609C3-B90F-45C1-B929-B6D5099FA3E1}.Debug|Any CPU.Build.0 = Debug|Any CPU
		{DA2609C3-B90F-45C1-B929-B6D5099FA3E1}.Release|Any CPU.ActiveCfg = Release|Any CPU
		{DA2609C3-B90F-45C1-B929-B6D5099FA3E1}.Release|Any CPU.Build.0 = Release|Any CPU
		{AF4D7DD9-7AAE-4140-A77E-184F1BBAFD2C}.Debug|Any CPU.ActiveCfg = Debug|Any CPU
		{AF4D7DD9-7AAE-4140-A77E-184F1BBAFD2C}.Debug|Any CPU.Build.0 = Debug|Any CPU
		{AF4D7DD9-7AAE-4140-A77E-184F1BBAFD2C}.Release|Any CPU.ActiveCfg = Release|Any CPU
		{AF4D7DD9-7AAE-4140-A77E-184F1BBAFD2C}.Release|Any CPU.Build.0 = Release|Any CPU
		{5D24D3A7-DF7F-4E0E-928E-BD0AEBDFC1B8}.Debug|Any CPU.ActiveCfg = Debug|Any CPU
		{5D24D3A7-DF7F-4E0E-928E-BD0AEBDFC1B8}.Debug|Any CPU.Build.0 = Debug|Any CPU
		{5D24D3A7-DF7F-4E0E-928E-BD0AEBDFC1B8}.Release|Any CPU.ActiveCfg = Release|Any CPU
		{5D24D3A7-DF7F-4E0E-928E-BD0AEBDFC1B8}.Release|Any CPU.Build.0 = Release|Any CPU
		{0987B0F6-A614-4456-A828-890B01C8F2B4}.Debug|Any CPU.ActiveCfg = Debug|Any CPU
		{0987B0F6-A614-4456-A828-890B01C8F2B4}.Debug|Any CPU.Build.0 = Debug|Any CPU
		{0987B0F6-A614-4456-A828-890B01C8F2B4}.Release|Any CPU.ActiveCfg = Release|Any CPU
		{0987B0F6-A614-4456-A828-890B01C8F2B4}.Release|Any CPU.Build.0 = Release|Any CPU
		{B0F3000E-EDC3-4960-B069-151D27F377F9}.Debug|Any CPU.ActiveCfg = Debug|Any CPU
		{B0F3000E-EDC3-4960-B069-151D27F377F9}.Debug|Any CPU.Build.0 = Debug|Any CPU
		{B0F3000E-EDC3-4960-B069-151D27F377F9}.Release|Any CPU.ActiveCfg = Release|Any CPU
		{B0F3000E-EDC3-4960-B069-151D27F377F9}.Release|Any CPU.Build.0 = Release|Any CPU
		{20E7E78D-88F3-4DA8-8E86-603E0F458328}.Debug|Any CPU.ActiveCfg = Debug|Any CPU
		{20E7E78D-88F3-4DA8-8E86-603E0F458328}.Debug|Any CPU.Build.0 = Debug|Any CPU
		{20E7E78D-88F3-4DA8-8E86-603E0F458328}.Release|Any CPU.ActiveCfg = Release|Any CPU
		{20E7E78D-88F3-4DA8-8E86-603E0F458328}.Release|Any CPU.Build.0 = Release|Any CPU
	EndGlobalSection
	GlobalSection(SolutionProperties) = preSolution
		HideSolutionNode = FALSE
	EndGlobalSection
	GlobalSection(ExtensibilityGlobals) = postSolution
		SolutionGuid = {7DA59EF1-9166-47FE-9CD1-EEFBED035822}
	EndGlobalSection
EndGlobal
