
Microsoft Visual Studio Solution File, Format Version 12.00
# Visual Studio Version 17
VisualStudioVersion = 17.4.33205.214
MinimumVisualStudioVersion = 10.0.40219.1
Project("{9A19103F-16F7-4668-BE54-9A1E7A4F7556}") = "Variables", "Variables\Variables.csproj", "{977E2873-DF80-437E-BEEE-FE335DB1B714}"
EndProject
Project("{9A19103F-16F7-4668-BE54-9A1E7A4F7556}") = "Operators", "Operators\Operators.csproj", "{F904082C-B02C-405C-8AE3-C33D337BE9BD}"
EndProject
Project("{9A19103F-16F7-4668-BE54-9A1E7A4F7556}") = "Conditionals", "Conditionals\Conditionals.csproj", "{09D26E65-4FA7-48B4-B91E-3011A7BC0BDC}"
EndProject
Project("{9A19103F-16F7-4668-BE54-9A1E7A4F7556}") = "Loops", "Loops\Loops.csproj", "{D475D007-D288-49DD-9E50-653FA6076C94}"
EndProject
Project("{9A19103F-16F7-4668-BE54-9A1E7A4F7556}") = "Arrays", "Arrays\Arrays.csproj", "{B761D9CE-C717-4E70-9C82-B05279201502}"
EndProject
Project("{9A19103F-16F7-4668-BE54-9A1E7A4F7556}") = "Functions", "Functions\Functions.csproj", "{CFF3104B-D058-44C9-ACEE-83FE42F18F02}"
EndProject
Project("{9A19103F-16F7-4668-BE54-9A1E7A4F7556}") = "StringFunctions", "StringFunctions\StringFunctions.csproj", "{ED8062D5-CF11-4068-8A00-7565EE190F19}"
EndProject
Project("{9A19103F-16F7-4668-BE54-9A1E7A4F7556}") = "Intro", "Intro\Intro.csproj", "{DF42E80F-99EA-41F1-A1B2-B302945A896A}"
EndProject
Project("{9A19103F-16F7-4668-BE54-9A1E7A4F7556}") = "Exceptions", "Exceptions\Exceptions.csproj", "{9F87CDA4-F04F-4E26-BE01-ED5DB768FCBB}"
EndProject
Project("{9A19103F-16F7-4668-BE54-9A1E7A4F7556}") = "Classes", "Classes\Classes.csproj", "{C81F4D31-8C7B-478D-A135-F18B3248B5FA}"
EndProject
Project("{9A19103F-16F7-4668-BE54-9A1E7A4F7556}") = "Constructors", "Constructors\Constructors.csproj", "{2C429BBA-D7AA-4E35-8F8E-DE8D01D305EE}"
EndProject
Project("{9A19103F-16F7-4668-BE54-9A1E7A4F7556}") = "Indexers", "Indexers\Indexers.csproj", "{E87DD45E-722E-4BC8-986A-6430BFF84BFF}"
EndProject
Project("{9A19103F-16F7-4668-BE54-9A1E7A4F7556}") = "Collections", "Collections\Collections.csproj", "{4F010BD1-3DF8-485A-BB09-DDB6ABFF4579}"
EndProject
Project("{9A19103F-16F7-4668-BE54-9A1E7A4F7556}") = "Inheritance", "Inheritance\Inheritance.csproj", "{7748697F-9C56-48D5-BB6B-638BCCDB864D}"
EndProject
Project("{9A19103F-16F7-4668-BE54-9A1E7A4F7556}") = "Polymorphism", "Polymorphism\Polymorphism.csproj", "{1D82FEBA-1CB5-489A-9CB4-F7D4C8B27A9B}"
EndProject
Project("{9A19103F-16F7-4668-BE54-9A1E7A4F7556}") = "Interfaces", "Interfaces\Interfaces.csproj", "{7FC84FAD-50B6-466D-8059-2F0CF72EF5DA}"
EndProject
Project("{9A19103F-16F7-4668-BE54-9A1E7A4F7556}") = "Enums", "Enums\Enums.csproj", "{2F5BFF79-55AE-4138-AED7-B9016E85C647}"
EndProject
Project("{9A19103F-16F7-4668-BE54-9A1E7A4F7556}") = "Structs", "Structs\Structs.csproj", "{968B282A-32F9-4BF5-9FD1-6943CC0F1B6B}"
EndProject
Project("{9A19103F-16F7-4668-BE54-9A1E7A4F7556}") = "Generics", "Generics\Generics.csproj", "{A23E5FF3-D7F4-4AE4-B335-1A33C10D2936}"
EndProject
Project("{9A19103F-16F7-4668-BE54-9A1E7A4F7556}") = "ExamTasks", "Exams\ExamTasks.csproj", "{5B502BBA-AC74-403D-888F-CEE0E357DC59}"
EndProject
Project("{9A19103F-16F7-4668-BE54-9A1E7A4F7556}") = "WeekendTasks", "WeekendTasks\WeekendTasks.csproj", "{2AB3AF6A-9875-489C-BAEF-6DA8B0433A77}"
EndProject
Project("{9A19103F-16F7-4668-BE54-9A1E7A4F7556}") = "NullableTypes", "NullableTypes\NullableTypes.csproj", "{58F861CC-08C8-4329-A89E-5A6D4E81D11A}"
EndProject
Project("{9A19103F-16F7-4668-BE54-9A1E7A4F7556}") = "Delegates", "Delegates\Delegates.csproj", "{52B536D0-30A9-463A-A94F-D8F974AD5330}"
EndProject
Project("{9A19103F-16F7-4668-BE54-9A1E7A4F7556}") = "LessonTasks", "LessonTasks\LessonTasks.csproj", "{DC5DB487-618E-4B6C-A8A2-57B7619BEF25}"
EndProject
Project("{9A19103F-16F7-4668-BE54-9A1E7A4F7556}") = "Events", "Events\Events.csproj", "{5B43C471-3872-489D-B29E-C36568891B07}"
EndProject
Project("{9A19103F-16F7-4668-BE54-9A1E7A4F7556}") = "DLL", "DLL\DLL.csproj", "{3C34A8DC-C6EC-4C66-80EE-811957532594}"
EndProject
Project("{9A19103F-16F7-4668-BE54-9A1E7A4F7556}") = "BankaEXE", "BankaEXE\BankaEXE.csproj", "{B79F1F64-4386-4E0B-A70F-9B98DBB7E6F9}"
EndProject
Project("{9A19103F-16F7-4668-BE54-9A1E7A4F7556}") = "ObjectRelationships", "ObjectRelationships\ObjectRelationships.csproj", "{947A3527-7527-4645-B6E4-80B5628617DA}"
EndProject
Project("{FAE04EC0-301F-11D3-BF4B-00C04F79EFBC}") = "BankaDLL", "BankaDLL\BankaDLL.csproj", "{0CECD067-A850-4774-BB81-72DE05D086BC}"
EndProject
Project("{FAE04EC0-301F-11D3-BF4B-00C04F79EFBC}") = "EXE", "EXE\EXE.csproj", "{4BAC3EA9-E1CF-4952-949F-7D1326CDE692}"
EndProject
Project("{FAE04EC0-301F-11D3-BF4B-00C04F79EFBC}") = "BankaV2DLL", "BankaV2DLL\BankaV2DLL.csproj", "{E0C90C29-891C-43A1-980E-C1421698DD64}"
EndProject
Project("{FAE04EC0-301F-11D3-BF4B-00C04F79EFBC}") = "BankaV2EXE", "BankaV2EXE\BankaV2EXE.csproj", "{1C3331D7-37D0-4320-A519-CD8E2CCAEDD0}"
EndProject
Project("{FAE04EC0-301F-11D3-BF4B-00C04F79EFBC}") = "BurgerKingDLL", "BurgerKingDLL\BurgerKingDLL.csproj", "{2A3E294B-6590-4CEC-8F17-C1D5629EC404}"
EndProject
Project("{FAE04EC0-301F-11D3-BF4B-00C04F79EFBC}") = "BurgerKingEXE", "BurgerKingEXE\BurgerKingEXE.csproj", "{6C1A28EB-CB03-4B3C-8A47-27E90EAA9D82}"
EndProject
Project("{FAE04EC0-301F-11D3-BF4B-00C04F79EFBC}") = "HospitalDLL", "HospitalDLL\HospitalDLL.csproj", "{E3581425-5DC3-4E0C-A852-97F6C9FB06B4}"
EndProject
Project("{FAE04EC0-301F-11D3-BF4B-00C04F79EFBC}") = "HospitalEXE", "HospitalEXE\HospitalEXE.csproj", "{5C9415E6-7DEF-44EC-925E-BDF845F50449}"
EndProject
Global
	GlobalSection(SolutionConfigurationPlatforms) = preSolution
		Debug|Any CPU = Debug|Any CPU
		Release|Any CPU = Release|Any CPU
	EndGlobalSection
	GlobalSection(ProjectConfigurationPlatforms) = postSolution
		{977E2873-DF80-437E-BEEE-FE335DB1B714}.Debug|Any CPU.ActiveCfg = Debug|Any CPU
		{977E2873-DF80-437E-BEEE-FE335DB1B714}.Debug|Any CPU.Build.0 = Debug|Any CPU
		{977E2873-DF80-437E-BEEE-FE335DB1B714}.Release|Any CPU.ActiveCfg = Release|Any CPU
		{977E2873-DF80-437E-BEEE-FE335DB1B714}.Release|Any CPU.Build.0 = Release|Any CPU
		{F904082C-B02C-405C-8AE3-C33D337BE9BD}.Debug|Any CPU.ActiveCfg = Debug|Any CPU
		{F904082C-B02C-405C-8AE3-C33D337BE9BD}.Debug|Any CPU.Build.0 = Debug|Any CPU
		{F904082C-B02C-405C-8AE3-C33D337BE9BD}.Release|Any CPU.ActiveCfg = Release|Any CPU
		{F904082C-B02C-405C-8AE3-C33D337BE9BD}.Release|Any CPU.Build.0 = Release|Any CPU
		{09D26E65-4FA7-48B4-B91E-3011A7BC0BDC}.Debug|Any CPU.ActiveCfg = Debug|Any CPU
		{09D26E65-4FA7-48B4-B91E-3011A7BC0BDC}.Debug|Any CPU.Build.0 = Debug|Any CPU
		{09D26E65-4FA7-48B4-B91E-3011A7BC0BDC}.Release|Any CPU.ActiveCfg = Release|Any CPU
		{09D26E65-4FA7-48B4-B91E-3011A7BC0BDC}.Release|Any CPU.Build.0 = Release|Any CPU
		{D475D007-D288-49DD-9E50-653FA6076C94}.Debug|Any CPU.ActiveCfg = Debug|Any CPU
		{D475D007-D288-49DD-9E50-653FA6076C94}.Debug|Any CPU.Build.0 = Debug|Any CPU
		{D475D007-D288-49DD-9E50-653FA6076C94}.Release|Any CPU.ActiveCfg = Release|Any CPU
		{D475D007-D288-49DD-9E50-653FA6076C94}.Release|Any CPU.Build.0 = Release|Any CPU
		{B761D9CE-C717-4E70-9C82-B05279201502}.Debug|Any CPU.ActiveCfg = Debug|Any CPU
		{B761D9CE-C717-4E70-9C82-B05279201502}.Debug|Any CPU.Build.0 = Debug|Any CPU
		{B761D9CE-C717-4E70-9C82-B05279201502}.Release|Any CPU.ActiveCfg = Release|Any CPU
		{B761D9CE-C717-4E70-9C82-B05279201502}.Release|Any CPU.Build.0 = Release|Any CPU
		{CFF3104B-D058-44C9-ACEE-83FE42F18F02}.Debug|Any CPU.ActiveCfg = Debug|Any CPU
		{CFF3104B-D058-44C9-ACEE-83FE42F18F02}.Debug|Any CPU.Build.0 = Debug|Any CPU
		{CFF3104B-D058-44C9-ACEE-83FE42F18F02}.Release|Any CPU.ActiveCfg = Release|Any CPU
		{CFF3104B-D058-44C9-ACEE-83FE42F18F02}.Release|Any CPU.Build.0 = Release|Any CPU
		{ED8062D5-CF11-4068-8A00-7565EE190F19}.Debug|Any CPU.ActiveCfg = Debug|Any CPU
		{ED8062D5-CF11-4068-8A00-7565EE190F19}.Debug|Any CPU.Build.0 = Debug|Any CPU
		{ED8062D5-CF11-4068-8A00-7565EE190F19}.Release|Any CPU.ActiveCfg = Release|Any CPU
		{ED8062D5-CF11-4068-8A00-7565EE190F19}.Release|Any CPU.Build.0 = Release|Any CPU
		{DF42E80F-99EA-41F1-A1B2-B302945A896A}.Debug|Any CPU.ActiveCfg = Debug|Any CPU
		{DF42E80F-99EA-41F1-A1B2-B302945A896A}.Debug|Any CPU.Build.0 = Debug|Any CPU
		{DF42E80F-99EA-41F1-A1B2-B302945A896A}.Release|Any CPU.ActiveCfg = Release|Any CPU
		{DF42E80F-99EA-41F1-A1B2-B302945A896A}.Release|Any CPU.Build.0 = Release|Any CPU
		{9F87CDA4-F04F-4E26-BE01-ED5DB768FCBB}.Debug|Any CPU.ActiveCfg = Debug|Any CPU
		{9F87CDA4-F04F-4E26-BE01-ED5DB768FCBB}.Debug|Any CPU.Build.0 = Debug|Any CPU
		{9F87CDA4-F04F-4E26-BE01-ED5DB768FCBB}.Release|Any CPU.ActiveCfg = Release|Any CPU
		{9F87CDA4-F04F-4E26-BE01-ED5DB768FCBB}.Release|Any CPU.Build.0 = Release|Any CPU
		{C81F4D31-8C7B-478D-A135-F18B3248B5FA}.Debug|Any CPU.ActiveCfg = Debug|Any CPU
		{C81F4D31-8C7B-478D-A135-F18B3248B5FA}.Debug|Any CPU.Build.0 = Debug|Any CPU
		{C81F4D31-8C7B-478D-A135-F18B3248B5FA}.Release|Any CPU.ActiveCfg = Release|Any CPU
		{C81F4D31-8C7B-478D-A135-F18B3248B5FA}.Release|Any CPU.Build.0 = Release|Any CPU
		{2C429BBA-D7AA-4E35-8F8E-DE8D01D305EE}.Debug|Any CPU.ActiveCfg = Debug|Any CPU
		{2C429BBA-D7AA-4E35-8F8E-DE8D01D305EE}.Debug|Any CPU.Build.0 = Debug|Any CPU
		{2C429BBA-D7AA-4E35-8F8E-DE8D01D305EE}.Release|Any CPU.ActiveCfg = Release|Any CPU
		{2C429BBA-D7AA-4E35-8F8E-DE8D01D305EE}.Release|Any CPU.Build.0 = Release|Any CPU
		{E87DD45E-722E-4BC8-986A-6430BFF84BFF}.Debug|Any CPU.ActiveCfg = Debug|Any CPU
		{E87DD45E-722E-4BC8-986A-6430BFF84BFF}.Debug|Any CPU.Build.0 = Debug|Any CPU
		{E87DD45E-722E-4BC8-986A-6430BFF84BFF}.Release|Any CPU.ActiveCfg = Release|Any CPU
		{E87DD45E-722E-4BC8-986A-6430BFF84BFF}.Release|Any CPU.Build.0 = Release|Any CPU
		{4F010BD1-3DF8-485A-BB09-DDB6ABFF4579}.Debug|Any CPU.ActiveCfg = Debug|Any CPU
		{4F010BD1-3DF8-485A-BB09-DDB6ABFF4579}.Debug|Any CPU.Build.0 = Debug|Any CPU
		{4F010BD1-3DF8-485A-BB09-DDB6ABFF4579}.Release|Any CPU.ActiveCfg = Release|Any CPU
		{4F010BD1-3DF8-485A-BB09-DDB6ABFF4579}.Release|Any CPU.Build.0 = Release|Any CPU
		{7748697F-9C56-48D5-BB6B-638BCCDB864D}.Debug|Any CPU.ActiveCfg = Debug|Any CPU
		{7748697F-9C56-48D5-BB6B-638BCCDB864D}.Debug|Any CPU.Build.0 = Debug|Any CPU
		{7748697F-9C56-48D5-BB6B-638BCCDB864D}.Release|Any CPU.ActiveCfg = Release|Any CPU
		{7748697F-9C56-48D5-BB6B-638BCCDB864D}.Release|Any CPU.Build.0 = Release|Any CPU
		{1D82FEBA-1CB5-489A-9CB4-F7D4C8B27A9B}.Debug|Any CPU.ActiveCfg = Debug|Any CPU
		{1D82FEBA-1CB5-489A-9CB4-F7D4C8B27A9B}.Debug|Any CPU.Build.0 = Debug|Any CPU
		{1D82FEBA-1CB5-489A-9CB4-F7D4C8B27A9B}.Release|Any CPU.ActiveCfg = Release|Any CPU
		{1D82FEBA-1CB5-489A-9CB4-F7D4C8B27A9B}.Release|Any CPU.Build.0 = Release|Any CPU
		{7FC84FAD-50B6-466D-8059-2F0CF72EF5DA}.Debug|Any CPU.ActiveCfg = Debug|Any CPU
		{7FC84FAD-50B6-466D-8059-2F0CF72EF5DA}.Debug|Any CPU.Build.0 = Debug|Any CPU
		{7FC84FAD-50B6-466D-8059-2F0CF72EF5DA}.Release|Any CPU.ActiveCfg = Release|Any CPU
		{7FC84FAD-50B6-466D-8059-2F0CF72EF5DA}.Release|Any CPU.Build.0 = Release|Any CPU
		{2F5BFF79-55AE-4138-AED7-B9016E85C647}.Debug|Any CPU.ActiveCfg = Debug|Any CPU
		{2F5BFF79-55AE-4138-AED7-B9016E85C647}.Debug|Any CPU.Build.0 = Debug|Any CPU
		{2F5BFF79-55AE-4138-AED7-B9016E85C647}.Release|Any CPU.ActiveCfg = Release|Any CPU
		{2F5BFF79-55AE-4138-AED7-B9016E85C647}.Release|Any CPU.Build.0 = Release|Any CPU
		{968B282A-32F9-4BF5-9FD1-6943CC0F1B6B}.Debug|Any CPU.ActiveCfg = Debug|Any CPU
		{968B282A-32F9-4BF5-9FD1-6943CC0F1B6B}.Debug|Any CPU.Build.0 = Debug|Any CPU
		{968B282A-32F9-4BF5-9FD1-6943CC0F1B6B}.Release|Any CPU.ActiveCfg = Release|Any CPU
		{968B282A-32F9-4BF5-9FD1-6943CC0F1B6B}.Release|Any CPU.Build.0 = Release|Any CPU
		{A23E5FF3-D7F4-4AE4-B335-1A33C10D2936}.Debug|Any CPU.ActiveCfg = Debug|Any CPU
		{A23E5FF3-D7F4-4AE4-B335-1A33C10D2936}.Debug|Any CPU.Build.0 = Debug|Any CPU
		{A23E5FF3-D7F4-4AE4-B335-1A33C10D2936}.Release|Any CPU.ActiveCfg = Release|Any CPU
		{A23E5FF3-D7F4-4AE4-B335-1A33C10D2936}.Release|Any CPU.Build.0 = Release|Any CPU
		{5B502BBA-AC74-403D-888F-CEE0E357DC59}.Debug|Any CPU.ActiveCfg = Debug|Any CPU
		{5B502BBA-AC74-403D-888F-CEE0E357DC59}.Debug|Any CPU.Build.0 = Debug|Any CPU
		{5B502BBA-AC74-403D-888F-CEE0E357DC59}.Release|Any CPU.ActiveCfg = Release|Any CPU
		{5B502BBA-AC74-403D-888F-CEE0E357DC59}.Release|Any CPU.Build.0 = Release|Any CPU
		{2AB3AF6A-9875-489C-BAEF-6DA8B0433A77}.Debug|Any CPU.ActiveCfg = Debug|Any CPU
		{2AB3AF6A-9875-489C-BAEF-6DA8B0433A77}.Debug|Any CPU.Build.0 = Debug|Any CPU
		{2AB3AF6A-9875-489C-BAEF-6DA8B0433A77}.Release|Any CPU.ActiveCfg = Release|Any CPU
		{2AB3AF6A-9875-489C-BAEF-6DA8B0433A77}.Release|Any CPU.Build.0 = Release|Any CPU
		{58F861CC-08C8-4329-A89E-5A6D4E81D11A}.Debug|Any CPU.ActiveCfg = Debug|Any CPU
		{58F861CC-08C8-4329-A89E-5A6D4E81D11A}.Debug|Any CPU.Build.0 = Debug|Any CPU
		{58F861CC-08C8-4329-A89E-5A6D4E81D11A}.Release|Any CPU.ActiveCfg = Release|Any CPU
		{58F861CC-08C8-4329-A89E-5A6D4E81D11A}.Release|Any CPU.Build.0 = Release|Any CPU
		{52B536D0-30A9-463A-A94F-D8F974AD5330}.Debug|Any CPU.ActiveCfg = Debug|Any CPU
		{52B536D0-30A9-463A-A94F-D8F974AD5330}.Debug|Any CPU.Build.0 = Debug|Any CPU
		{52B536D0-30A9-463A-A94F-D8F974AD5330}.Release|Any CPU.ActiveCfg = Release|Any CPU
		{52B536D0-30A9-463A-A94F-D8F974AD5330}.Release|Any CPU.Build.0 = Release|Any CPU
		{DC5DB487-618E-4B6C-A8A2-57B7619BEF25}.Debug|Any CPU.ActiveCfg = Debug|Any CPU
		{DC5DB487-618E-4B6C-A8A2-57B7619BEF25}.Debug|Any CPU.Build.0 = Debug|Any CPU
		{DC5DB487-618E-4B6C-A8A2-57B7619BEF25}.Release|Any CPU.ActiveCfg = Release|Any CPU
		{DC5DB487-618E-4B6C-A8A2-57B7619BEF25}.Release|Any CPU.Build.0 = Release|Any CPU
		{5B43C471-3872-489D-B29E-C36568891B07}.Debug|Any CPU.ActiveCfg = Debug|Any CPU
		{5B43C471-3872-489D-B29E-C36568891B07}.Debug|Any CPU.Build.0 = Debug|Any CPU
		{5B43C471-3872-489D-B29E-C36568891B07}.Release|Any CPU.ActiveCfg = Release|Any CPU
		{5B43C471-3872-489D-B29E-C36568891B07}.Release|Any CPU.Build.0 = Release|Any CPU
		{3C34A8DC-C6EC-4C66-80EE-811957532594}.Debug|Any CPU.ActiveCfg = Debug|Any CPU
		{3C34A8DC-C6EC-4C66-80EE-811957532594}.Debug|Any CPU.Build.0 = Debug|Any CPU
		{3C34A8DC-C6EC-4C66-80EE-811957532594}.Release|Any CPU.ActiveCfg = Release|Any CPU
		{3C34A8DC-C6EC-4C66-80EE-811957532594}.Release|Any CPU.Build.0 = Release|Any CPU
		{B79F1F64-4386-4E0B-A70F-9B98DBB7E6F9}.Debug|Any CPU.ActiveCfg = Debug|Any CPU
		{B79F1F64-4386-4E0B-A70F-9B98DBB7E6F9}.Debug|Any CPU.Build.0 = Debug|Any CPU
		{B79F1F64-4386-4E0B-A70F-9B98DBB7E6F9}.Release|Any CPU.ActiveCfg = Release|Any CPU
		{B79F1F64-4386-4E0B-A70F-9B98DBB7E6F9}.Release|Any CPU.Build.0 = Release|Any CPU
		{947A3527-7527-4645-B6E4-80B5628617DA}.Debug|Any CPU.ActiveCfg = Debug|Any CPU
		{947A3527-7527-4645-B6E4-80B5628617DA}.Debug|Any CPU.Build.0 = Debug|Any CPU
		{947A3527-7527-4645-B6E4-80B5628617DA}.Release|Any CPU.ActiveCfg = Release|Any CPU
		{947A3527-7527-4645-B6E4-80B5628617DA}.Release|Any CPU.Build.0 = Release|Any CPU
		{0CECD067-A850-4774-BB81-72DE05D086BC}.Debug|Any CPU.ActiveCfg = Debug|Any CPU
		{0CECD067-A850-4774-BB81-72DE05D086BC}.Debug|Any CPU.Build.0 = Debug|Any CPU
		{0CECD067-A850-4774-BB81-72DE05D086BC}.Release|Any CPU.ActiveCfg = Release|Any CPU
		{0CECD067-A850-4774-BB81-72DE05D086BC}.Release|Any CPU.Build.0 = Release|Any CPU
		{4BAC3EA9-E1CF-4952-949F-7D1326CDE692}.Debug|Any CPU.ActiveCfg = Debug|Any CPU
		{4BAC3EA9-E1CF-4952-949F-7D1326CDE692}.Debug|Any CPU.Build.0 = Debug|Any CPU
		{4BAC3EA9-E1CF-4952-949F-7D1326CDE692}.Release|Any CPU.ActiveCfg = Release|Any CPU
		{4BAC3EA9-E1CF-4952-949F-7D1326CDE692}.Release|Any CPU.Build.0 = Release|Any CPU
		{E0C90C29-891C-43A1-980E-C1421698DD64}.Debug|Any CPU.ActiveCfg = Debug|Any CPU
		{E0C90C29-891C-43A1-980E-C1421698DD64}.Debug|Any CPU.Build.0 = Debug|Any CPU
		{E0C90C29-891C-43A1-980E-C1421698DD64}.Release|Any CPU.ActiveCfg = Release|Any CPU
		{E0C90C29-891C-43A1-980E-C1421698DD64}.Release|Any CPU.Build.0 = Release|Any CPU
		{1C3331D7-37D0-4320-A519-CD8E2CCAEDD0}.Debug|Any CPU.ActiveCfg = Debug|Any CPU
		{1C3331D7-37D0-4320-A519-CD8E2CCAEDD0}.Debug|Any CPU.Build.0 = Debug|Any CPU
		{1C3331D7-37D0-4320-A519-CD8E2CCAEDD0}.Release|Any CPU.ActiveCfg = Release|Any CPU
		{1C3331D7-37D0-4320-A519-CD8E2CCAEDD0}.Release|Any CPU.Build.0 = Release|Any CPU
		{2A3E294B-6590-4CEC-8F17-C1D5629EC404}.Debug|Any CPU.ActiveCfg = Debug|Any CPU
		{2A3E294B-6590-4CEC-8F17-C1D5629EC404}.Debug|Any CPU.Build.0 = Debug|Any CPU
		{2A3E294B-6590-4CEC-8F17-C1D5629EC404}.Release|Any CPU.ActiveCfg = Release|Any CPU
		{2A3E294B-6590-4CEC-8F17-C1D5629EC404}.Release|Any CPU.Build.0 = Release|Any CPU
		{6C1A28EB-CB03-4B3C-8A47-27E90EAA9D82}.Debug|Any CPU.ActiveCfg = Debug|Any CPU
		{6C1A28EB-CB03-4B3C-8A47-27E90EAA9D82}.Debug|Any CPU.Build.0 = Debug|Any CPU
		{6C1A28EB-CB03-4B3C-8A47-27E90EAA9D82}.Release|Any CPU.ActiveCfg = Release|Any CPU
		{6C1A28EB-CB03-4B3C-8A47-27E90EAA9D82}.Release|Any CPU.Build.0 = Release|Any CPU
		{E3581425-5DC3-4E0C-A852-97F6C9FB06B4}.Debug|Any CPU.ActiveCfg = Debug|Any CPU
		{E3581425-5DC3-4E0C-A852-97F6C9FB06B4}.Debug|Any CPU.Build.0 = Debug|Any CPU
		{E3581425-5DC3-4E0C-A852-97F6C9FB06B4}.Release|Any CPU.ActiveCfg = Release|Any CPU
		{E3581425-5DC3-4E0C-A852-97F6C9FB06B4}.Release|Any CPU.Build.0 = Release|Any CPU
		{5C9415E6-7DEF-44EC-925E-BDF845F50449}.Debug|Any CPU.ActiveCfg = Debug|Any CPU
		{5C9415E6-7DEF-44EC-925E-BDF845F50449}.Debug|Any CPU.Build.0 = Debug|Any CPU
		{5C9415E6-7DEF-44EC-925E-BDF845F50449}.Release|Any CPU.ActiveCfg = Release|Any CPU
		{5C9415E6-7DEF-44EC-925E-BDF845F50449}.Release|Any CPU.Build.0 = Release|Any CPU
	EndGlobalSection
	GlobalSection(SolutionProperties) = preSolution
		HideSolutionNode = FALSE
	EndGlobalSection
	GlobalSection(ExtensibilityGlobals) = postSolution
		SolutionGuid = {55F2FCAD-7E51-495E-AFAC-C65AA67ABDC8}
	EndGlobalSection
EndGlobal
